
Microsoft Visual Studio Solution File, Format Version 12.00
# Visual Studio 15
VisualStudioVersion = 15.0.26430.4
MinimumVisualStudioVersion = 10.0.40219.1
Project("{FAE04EC0-301F-11D3-BF4B-00C04F79EFBC}") = "얼리마인더", "얼리마인더\얼리마인더.csproj", "{42B0CDA2-A9D5-41DC-A347-E9BDF7F6CAF3}"
EndProject
Global
	GlobalSection(SolutionConfigurationPlatforms) = preSolution
		Debug|Any CPU = Debug|Any CPU
		Release|Any CPU = Release|Any CPU
	EndGlobalSection
	GlobalSection(ProjectConfigurationPlatforms) = postSolution
		{42B0CDA2-A9D5-41DC-A347-E9BDF7F6CAF3}.Debug|Any CPU.ActiveCfg = Debug|Any CPU
		{42B0CDA2-A9D5-41DC-A347-E9BDF7F6CAF3}.Debug|Any CPU.Build.0 = Debug|Any CPU
		{42B0CDA2-A9D5-41DC-A347-E9BDF7F6CAF3}.Release|Any CPU.ActiveCfg = Release|Any CPU
		{42B0CDA2-A9D5-41DC-A347-E9BDF7F6CAF3}.Release|Any CPU.Build.0 = Release|Any CPU
	EndGlobalSection
	GlobalSection(SolutionProperties) = preSolution
		HideSolutionNode = FALSE
	EndGlobalSection
EndGlobal
